{
  "nodes": {
    "home-manager": {
      "inputs": {
        "nixpkgs": [
          "nixpkgs"
        ]
      },
      "locked": {
        "lastModified": 1703367386,
        "narHash": "sha256-FMbm48UGrBfOWGt8+opuS+uLBLQlRfhiYXhHNcYMS5k=",
        "owner": "nix-community",
        "repo": "home-manager",
        "rev": "d5824a76bc6bb93d1dce9ebbbcb09a9b6abcc224",
        "type": "github"
      },
      "original": {
        "owner": "nix-community",
        "ref": "release-23.11",
        "repo": "home-manager",
        "type": "github"
      }
    },
    "nixos-hardware": {
      "locked": {
        "lastModified": 1702453208,
        "narHash": "sha256-0wRi9SposfE2wHqjuKt8WO2izKB/ASDOV91URunIqgo=",
        "owner": "NixOS",
        "repo": "nixos-hardware",
        "rev": "7763c6fd1f299cb9361ff2abf755ed9619ef01d6",
        "type": "github"
      },
      "original": {
        "owner": "NixOS",
        "repo": "nixos-hardware",
        "type": "github"
      }
    },
    "nixpkgs": {
      "locked": {
        "lastModified": 1703200384,
        "narHash": "sha256-q5j06XOsy0qHOarsYPfZYJPWbTbc8sryRxianlEPJN0=",
        "owner": "NixOS",
        "repo": "nixpkgs",
        "rev": "0b3d618173114c64ab666f557504d6982665d328",
        "type": "github"
      },
      "original": {
        "owner": "NixOS",
        "ref": "nixos-23.11",
        "repo": "nixpkgs",
        "type": "github"
      }
    },
    "nur": {
      "locked": {
        "lastModified": 1703520905,
        "narHash": "sha256-LgmMddt+oWoyrTW40jemYzA15F5pa2ITmnr0t/9GRYA=",
        "owner": "nix-community",
        "repo": "NUR",
        "rev": "1174a80c4f9d8c4bb1f8e4316d3a178b4c8614cb",
        "type": "github"
      },
      "original": {
        "owner": "nix-community",
        "repo": "NUR",
        "type": "github"
      }
    },
    "perpetua": {
      "locked": {
        "lastModified": 1693916572,
        "narHash": "sha256-AJj0jKA38zXCpkg+kpZ7IaABZhFLpMs/FX5MAEWQ+90=",
        "owner": "perpetuatheme",
        "repo": "nix",
        "rev": "850fde0668b6f8d6dbdf0186b3c8eeadad04673e",
        "type": "github"
      },
      "original": {
        "owner": "perpetuatheme",
        "repo": "nix",
        "type": "github"
      }
    },
    "root": {
      "inputs": {
        "home-manager": "home-manager",
        "nixos-hardware": "nixos-hardware",
        "nixpkgs": "nixpkgs",
        "nur": "nur",
        "perpetua": "perpetua"
      }
    }
  },
  "root": "root",
  "version": 7
}
